
Microsoft Visual Studio Solution File, Format Version 12.00
# Visual Studio Version 17
VisualStudioVersion = 17.11.35312.102
MinimumVisualStudioVersion = 10.0.40219.1
Project("{FAE04EC0-301F-11D3-BF4B-00C04F79EFBC}") = "VentasCoches_v3", "VentasCoches_v3\VentasCoches_v3.csproj", "{C802F67D-02E8-4FEB-9900-2A544D7D399D}"
EndProject
Global
	GlobalSection(SolutionConfigurationPlatforms) = preSolution
		Debug|Any CPU = Debug|Any CPU
		Release|Any CPU = Release|Any CPU
	EndGlobalSection
	GlobalSection(ProjectConfigurationPlatforms) = postSolution
		{C802F67D-02E8-4FEB-9900-2A544D7D399D}.Debug|Any CPU.ActiveCfg = Debug|Any CPU
		{C802F67D-02E8-4FEB-9900-2A544D7D399D}.Debug|Any CPU.Build.0 = Debug|Any CPU
		{C802F67D-02E8-4FEB-9900-2A544D7D399D}.Release|Any CPU.ActiveCfg = Release|Any CPU
		{C802F67D-02E8-4FEB-9900-2A544D7D399D}.Release|Any CPU.Build.0 = Release|Any CPU
	EndGlobalSection
	GlobalSection(SolutionProperties) = preSolution
		HideSolutionNode = FALSE
	EndGlobalSection
	GlobalSection(ExtensibilityGlobals) = postSolution
		SolutionGuid = {98409B3B-4EB5-4FF5-B3C2-1686D22964E2}
	EndGlobalSection
EndGlobal
