
Microsoft Visual Studio Solution File, Format Version 12.00
# Visual Studio Version 17
VisualStudioVersion = 17.11.35312.102
MinimumVisualStudioVersion = 10.0.40219.1
Project("{FAE04EC0-301F-11D3-BF4B-00C04F79EFBC}") = "RevolucionesCoche", "RevolucionesCoche\RevolucionesCoche.csproj", "{DFB943FD-679C-4276-9CD6-1B02CAE06AB7}"
EndProject
Global
	GlobalSection(SolutionConfigurationPlatforms) = preSolution
		Debug|Any CPU = Debug|Any CPU
		Release|Any CPU = Release|Any CPU
	EndGlobalSection
	GlobalSection(ProjectConfigurationPlatforms) = postSolution
		{DFB943FD-679C-4276-9CD6-1B02CAE06AB7}.Debug|Any CPU.ActiveCfg = Debug|Any CPU
		{DFB943FD-679C-4276-9CD6-1B02CAE06AB7}.Debug|Any CPU.Build.0 = Debug|Any CPU
		{DFB943FD-679C-4276-9CD6-1B02CAE06AB7}.Release|Any CPU.ActiveCfg = Release|Any CPU
		{DFB943FD-679C-4276-9CD6-1B02CAE06AB7}.Release|Any CPU.Build.0 = Release|Any CPU
	EndGlobalSection
	GlobalSection(SolutionProperties) = preSolution
		HideSolutionNode = FALSE
	EndGlobalSection
	GlobalSection(ExtensibilityGlobals) = postSolution
		SolutionGuid = {32197808-C047-4FEC-B6A7-225F82F63215}
	EndGlobalSection
EndGlobal
